
Microsoft Visual Studio Solution File, Format Version 12.00
# Visual Studio Version 16
VisualStudioVersion = 16.0.30804.86
MinimumVisualStudioVersion = 10.0.40219.1
Project("{FAE04EC0-301F-11D3-BF4B-00C04F79EFBC}") = "powerPointGenerator", "powerPointGenerator\powerPointGenerator.csproj", "{BED21501-98F5-44D0-AF08-BF07F7021824}"
EndProject
Global
	GlobalSection(SolutionConfigurationPlatforms) = preSolution
		Debug|Any CPU = Debug|Any CPU
		Release|Any CPU = Release|Any CPU
	EndGlobalSection
	GlobalSection(ProjectConfigurationPlatforms) = postSolution
		{BED21501-98F5-44D0-AF08-BF07F7021824}.Debug|Any CPU.ActiveCfg = Debug|Any CPU
		{BED21501-98F5-44D0-AF08-BF07F7021824}.Debug|Any CPU.Build.0 = Debug|Any CPU
		{BED21501-98F5-44D0-AF08-BF07F7021824}.Release|Any CPU.ActiveCfg = Release|Any CPU
		{BED21501-98F5-44D0-AF08-BF07F7021824}.Release|Any CPU.Build.0 = Release|Any CPU
	EndGlobalSection
	GlobalSection(SolutionProperties) = preSolution
		HideSolutionNode = FALSE
	EndGlobalSection
	GlobalSection(ExtensibilityGlobals) = postSolution
		SolutionGuid = {A23A57C5-2F45-4445-BF4C-3E2133AAD846}
	EndGlobalSection
EndGlobal
